// !$*UTF8*$!
{
	archiveVersion = 1;
	classes = {
	};
	objectVersion = 52;
	objects = {

/* Begin PBXBuildFile section */
		D9284A81242D7C6000DA147B /* AppDelegate.swift in Sources */ = {isa = PBXBuildFile; fileRef = D9284A80242D7C6000DA147B /* AppDelegate.swift */; };
		D9284A85242D7C6000DA147B /* ViewController.swift in Sources */ = {isa = PBXBuildFile; fileRef = D9284A84242D7C6000DA147B /* ViewController.swift */; };
		D9284A8A242D7C6100DA147B /* Assets.xcassets in Resources */ = {isa = PBXBuildFile; fileRef = D9284A89242D7C6100DA147B /* Assets.xcassets */; };
		D9284A8D242D7C6100DA147B /* LaunchScreen.storyboard in Resources */ = {isa = PBXBuildFile; fileRef = D9284A8B242D7C6100DA147B /* LaunchScreen.storyboard */; };
		D9284A97242D7D2400DA147B /* ViewState in Frameworks */ = {isa = PBXBuildFile; productRef = D9284A96242D7D2400DA147B /* ViewState */; };
		D9284B20242D86DF00DA147B /* SwiftUI.framework in Frameworks */ = {isa = PBXBuildFile; fileRef = D9284B1F242D86DF00DA147B /* SwiftUI.framework */; settings = {ATTRIBUTES = (Weak, ); }; };
/* End PBXBuildFile section */

/* Begin PBXFileReference section */
		D9284A7D242D7C6000DA147B /* ViewStateExample.app */ = {isa = PBXFileReference; explicitFileType = wrapper.application; includeInIndex = 0; path = ViewStateExample.app; sourceTree = BUILT_PRODUCTS_DIR; };
		D9284A80242D7C6000DA147B /* AppDelegate.swift */ = {isa = PBXFileReference; lastKnownFileType = sourcecode.swift; path = AppDelegate.swift; sourceTree = "<group>"; };
		D9284A84242D7C6000DA147B /* ViewController.swift */ = {isa = PBXFileReference; lastKnownFileType = sourcecode.swift; path = ViewController.swift; sourceTree = "<group>"; };
		D9284A89242D7C6100DA147B /* Assets.xcassets */ = {isa = PBXFileReference; lastKnownFileType = folder.assetcatalog; path = Assets.xcassets; sourceTree = "<group>"; };
		D9284A8C242D7C6100DA147B /* Base */ = {isa = PBXFileReference; lastKnownFileType = file.storyboard; name = Base; path = Base.lproj/LaunchScreen.storyboard; sourceTree = "<group>"; };
		D9284A8E242D7C6100DA147B /* Info.plist */ = {isa = PBXFileReference; lastKnownFileType = text.plist.xml; path = Info.plist; sourceTree = "<group>"; };
		D9284A94242D7D0E00DA147B /* ViewState */ = {isa = PBXFileReference; lastKnownFileType = folder; name = ViewState; path = ..; sourceTree = "<group>"; };
		D9284A98242D7D7400DA147B /* ViewStateExample.entitlements */ = {isa = PBXFileReference; lastKnownFileType = text.plist.entitlements; path = ViewStateExample.entitlements; sourceTree = "<group>"; };
		D9284B1F242D86DF00DA147B /* SwiftUI.framework */ = {isa = PBXFileReference; lastKnownFileType = wrapper.framework; name = SwiftUI.framework; path = Platforms/MacOSX.platform/Developer/SDKs/MacOSX10.15.sdk/System/Library/Frameworks/SwiftUI.framework; sourceTree = DEVELOPER_DIR; };
/* End PBXFileReference section */

/* Begin PBXFrameworksBuildPhase section */
		D9284A7A242D7C6000DA147B /* Frameworks */ = {
			isa = PBXFrameworksBuildPhase;
			buildActionMask = 2147483647;
			files = (
				D9284B20242D86DF00DA147B /* SwiftUI.framework in Frameworks */,
				D9284A97242D7D2400DA147B /* ViewState in Frameworks */,
			);
			runOnlyForDeploymentPostprocessing = 0;
		};
/* End PBXFrameworksBuildPhase section */

/* Begin PBXGroup section */
		D9284A74242D7C6000DA147B = {
			isa = PBXGroup;
			children = (
				D9284A94242D7D0E00DA147B /* ViewState */,
				D9284A7F242D7C6000DA147B /* ViewStateExample */,
				D9284A7E242D7C6000DA147B /* Products */,
				D9284A95242D7D2400DA147B /* Frameworks */,
			);
			sourceTree = "<group>";
		};
		D9284A7E242D7C6000DA147B /* Products */ = {
			isa = PBXGroup;
			children = (
				D9284A7D242D7C6000DA147B /* ViewStateExample.app */,
			);
			name = Products;
			sourceTree = "<group>";
		};
		D9284A7F242D7C6000DA147B /* ViewStateExample */ = {
			isa = PBXGroup;
			children = (
				D9284A98242D7D7400DA147B /* ViewStateExample.entitlements */,
				D9284A80242D7C6000DA147B /* AppDelegate.swift */,
				D9284A84242D7C6000DA147B /* ViewController.swift */,
				D9284A89242D7C6100DA147B /* Assets.xcassets */,
				D9284A8B242D7C6100DA147B /* LaunchScreen.storyboard */,
				D9284A8E242D7C6100DA147B /* Info.plist */,
			);
			path = ViewStateExample;
			sourceTree = "<group>";
		};
		D9284A95242D7D2400DA147B /* Frameworks */ = {
			isa = PBXGroup;
			children = (
				D9284B1F242D86DF00DA147B /* SwiftUI.framework */,
			);
			name = Frameworks;
			sourceTree = "<group>";
		};
/* End PBXGroup section */

/* Begin PBXNativeTarget section */
		D9284A7C242D7C6000DA147B /* ViewStateExample */ = {
			isa = PBXNativeTarget;
			buildConfigurationList = D9284A91242D7C6100DA147B /* Build configuration list for PBXNativeTarget "ViewStateExample" */;
			buildPhases = (
				D9284A79242D7C6000DA147B /* Sources */,
				D9284A7A242D7C6000DA147B /* Frameworks */,
				D9284A7B242D7C6000DA147B /* Resources */,
			);
			buildRules = (
			);
			dependencies = (
			);
			name = ViewStateExample;
			packageProductDependencies = (
				D9284A96242D7D2400DA147B /* ViewState */,
			);
			productName = ViewStateExample;
			productReference = D9284A7D242D7C6000DA147B /* ViewStateExample.app */;
			productType = "com.apple.product-type.application";
		};
/* End PBXNativeTarget section */

/* Begin PBXProject section */
		D9284A75242D7C6000DA147B /* Project object */ = {
			isa = PBXProject;
			attributes = {
				LastSwiftUpdateCheck = 1140;
				LastUpgradeCheck = 1140;
				ORGANIZATIONNAME = Rightpoint;
				TargetAttributes = {
					D9284A7C242D7C6000DA147B = {
						CreatedOnToolsVersion = 11.4;
					};
				};
			};
			buildConfigurationList = D9284A78242D7C6000DA147B /* Build configuration list for PBXProject "ViewStateExample" */;
			compatibilityVersion = "Xcode 9.3";
			developmentRegion = en;
			hasScannedForEncodings = 0;
			knownRegions = (
				en,
				Base,
			);
			mainGroup = D9284A74242D7C6000DA147B;
			productRefGroup = D9284A7E242D7C6000DA147B /* Products */;
			projectDirPath = "";
			projectRoot = "";
			targets = (
				D9284A7C242D7C6000DA147B /* ViewStateExample */,
			);
		};
/* End PBXProject section */

/* Begin PBXResourcesBuildPhase section */
		D9284A7B242D7C6000DA147B /* Resources */ = {
			isa = PBXResourcesBuildPhase;
			buildActionMask = 2147483647;
			files = (
				D9284A8D242D7C6100DA147B /* LaunchScreen.storyboard in Resources */,
				D9284A8A242D7C6100DA147B /* Assets.xcassets in Resources */,
			);
			runOnlyForDeploymentPostprocessing = 0;
		};
/* End PBXResourcesBuildPhase section */

/* Begin PBXSourcesBuildPhase section */
		D9284A79242D7C6000DA147B /* Sources */ = {
			isa = PBXSourcesBuildPhase;
			buildActionMask = 2147483647;
			files = (
				D9284A85242D7C6000DA147B /* ViewController.swift in Sources */,
				D9284A81242D7C6000DA147B /* AppDelegate.swift in Sources */,
			);
			runOnlyForDeploymentPostprocessing = 0;
		};
/* End PBXSourcesBuildPhase section */

/* Begin PBXVariantGroup section */
		D9284A8B242D7C6100DA147B /* LaunchScreen.storyboard */ = {
			isa = PBXVariantGroup;
			children = (
				D9284A8C242D7C6100DA147B /* Base */,
			);
			name = LaunchScreen.storyboard;
			sourceTree = "<group>";
		};
/* End PBXVariantGroup section */

/* Begin XCBuildConfiguration section */
		D9284A8F242D7C6100DA147B /* Debug */ = {
			isa = XCBuildConfiguration;
			buildSettings = {
				ALWAYS_SEARCH_USER_PATHS = NO;
				CLANG_ANALYZER_NONNULL = YES;
				CLANG_ANALYZER_NUMBER_OBJECT_CONVERSION = YES_AGGRESSIVE;
				CLANG_CXX_LANGUAGE_STANDARD = "gnu++14";
				CLANG_CXX_LIBRARY = "libc++";
				CLANG_ENABLE_MODULES = YES;
				CLANG_ENABLE_OBJC_ARC = YES;
				CLANG_ENABLE_OBJC_WEAK = YES;
				CLANG_WARN_BLOCK_CAPTURE_AUTORELEASING = YES;
				CLANG_WARN_BOOL_CONVERSION = YES;
				CLANG_WARN_COMMA = YES;
				CLANG_WARN_CONSTANT_CONVERSION = YES;
				CLANG_WARN_DEPRECATED_OBJC_IMPLEMENTATIONS = YES;
				CLANG_WARN_DIRECT_OBJC_ISA_USAGE = YES_ERROR;
				CLANG_WARN_DOCUMENTATION_COMMENTS = YES;
				CLANG_WARN_EMPTY_BODY = YES;
				CLANG_WARN_ENUM_CONVERSION = YES;
				CLANG_WARN_INFINITE_RECURSION = YES;
				CLANG_WARN_INT_CONVERSION = YES;
				CLANG_WARN_NON_LITERAL_NULL_CONVERSION = YES;
				CLANG_WARN_OBJC_IMPLICIT_RETAIN_SELF = YES;
				CLANG_WARN_OBJC_LITERAL_CONVERSION = YES;
				CLANG_WARN_OBJC_ROOT_CLASS = YES_ERROR;
				CLANG_WARN_RANGE_LOOP_ANALYSIS = YES;
				CLANG_WARN_STRICT_PROTOTYPES = YES;
				CLANG_WARN_SUSPICIOUS_MOVE = YES;
				CLANG_WARN_UNGUARDED_AVAILABILITY = YES_AGGRESSIVE;
				CLANG_WARN_UNREACHABLE_CODE = YES;
				CLANG_WARN__DUPLICATE_METHOD_MATCH = YES;
				COPY_PHASE_STRIP = NO;
				DEBUG_INFORMATION_FORMAT = dwarf;
				ENABLE_STRICT_OBJC_MSGSEND = YES;
				ENABLE_TESTABILITY = YES;
				GCC_C_LANGUAGE_STANDARD = gnu11;
				GCC_DYNAMIC_NO_PIC = NO;
				GCC_NO_COMMON_BLOCKS = YES;
				GCC_OPTIMIZATION_LEVEL = 0;
				GCC_PREPROCESSOR_DEFINITIONS = (
					"DEBUG=1",
					"$(inherited)",
				);
				GCC_WARN_64_TO_32_BIT_CONVERSION = YES;
				GCC_WARN_ABOUT_RETURN_TYPE = YES_ERROR;
				GCC_WARN_UNDECLARED_SELECTOR = YES;
				GCC_WARN_UNINITIALIZED_AUTOS = YES_AGGRESSIVE;
				GCC_WARN_UNUSED_FUNCTION = YES;
				GCC_WARN_UNUSED_VARIABLE = YES;
				IPHONEOS_DEPLOYMENT_TARGET = 13.4;
				MTL_ENABLE_DEBUG_INFO = INCLUDE_SOURCE;
				MTL_FAST_MATH = YES;
				ONLY_ACTIVE_ARCH = YES;
				SDKROOT = iphoneos;
				SWIFT_ACTIVE_COMPILATION_CONDITIONS = DEBUG;
				SWIFT_OPTIMIZATION_LEVEL = "-Onone";
			};
			name = Debug;
		};
		D9284A90242D7C6100DA147B /* Release */ = {
			isa = XCBuildConfiguration;
			buildSettings = {
				ALWAYS_SEARCH_USER_PATHS = NO;
				CLANG_ANALYZER_NONNULL = YES;
				CLANG_ANALYZER_NUMBER_OBJECT_CONVERSION = YES_AGGRESSIVE;
				CLANG_CXX_LANGUAGE_STANDARD = "gnu++14";
				CLANG_CXX_LIBRARY = "libc++";
				CLANG_ENABLE_MODULES = YES;
				CLANG_ENABLE_OBJC_ARC = YES;
				CLANG_ENABLE_OBJC_WEAK = YES;
				CLANG_WARN_BLOCK_CAPTURE_AUTORELEASING = YES;
				CLANG_WARN_BOOL_CONVERSION = YES;
				CLANG_WARN_COMMA = YES;
				CLANG_WARN_CONSTANT_CONVERSION = YES;
				CLANG_WARN_DEPRECATED_OBJC_IMPLEMENTATIONS = YES;
				CLANG_WARN_DIRECT_OBJC_ISA_USAGE = YES_ERROR;
				CLANG_WARN_DOCUMENTATION_COMMENTS = YES;
				CLANG_WARN_EMPTY_BODY = YES;
				CLANG_WARN_ENUM_CONVERSION = YES;
				CLANG_WARN_INFINITE_RECURSION = YES;
				CLANG_WARN_INT_CONVERSION = YES;
				CLANG_WARN_NON_LITERAL_NULL_CONVERSION = YES;
				CLANG_WARN_OBJC_IMPLICIT_RETAIN_SELF = YES;
				CLANG_WARN_OBJC_LITERAL_CONVERSION = YES;
				CLANG_WARN_OBJC_ROOT_CLASS = YES_ERROR;
				CLANG_WARN_RANGE_LOOP_ANALYSIS = YES;
				CLANG_WARN_STRICT_PROTOTYPES = YES;
				CLANG_WARN_SUSPICIOUS_MOVE = YES;
				CLANG_WARN_UNGUARDED_AVAILABILITY = YES_AGGRESSIVE;
				CLANG_WARN_UNREACHABLE_CODE = YES;
				CLANG_WARN__DUPLICATE_METHOD_MATCH = YES;
				COPY_PHASE_STRIP = NO;
				DEBUG_INFORMATION_FORMAT = "dwarf-with-dsym";
				ENABLE_NS_ASSERTIONS = NO;
				ENABLE_STRICT_OBJC_MSGSEND = YES;
				GCC_C_LANGUAGE_STANDARD = gnu11;
				GCC_NO_COMMON_BLOCKS = YES;
				GCC_WARN_64_TO_32_BIT_CONVERSION = YES;
				GCC_WARN_ABOUT_RETURN_TYPE = YES_ERROR;
				GCC_WARN_UNDECLARED_SELECTOR = YES;
				GCC_WARN_UNINITIALIZED_AUTOS = YES_AGGRESSIVE;
				GCC_WARN_UNUSED_FUNCTION = YES;
				GCC_WARN_UNUSED_VARIABLE = YES;
				IPHONEOS_DEPLOYMENT_TARGET = 13.4;
				MTL_ENABLE_DEBUG_INFO = NO;
				MTL_FAST_MATH = YES;
				SDKROOT = iphoneos;
				SWIFT_COMPILATION_MODE = wholemodule;
				SWIFT_OPTIMIZATION_LEVEL = "-O";
				VALIDATE_PRODUCT = YES;
			};
			name = Release;
		};
		D9284A92242D7C6100DA147B /* Debug */ = {
			isa = XCBuildConfiguration;
			buildSettings = {
				ASSETCATALOG_COMPILER_APPICON_NAME = AppIcon;
				CODE_SIGN_ENTITLEMENTS = ViewStateExample/ViewStateExample.entitlements;
				"CODE_SIGN_IDENTITY[sdk=macosx*]" = "-";
				CODE_SIGN_STYLE = Automatic;
				INFOPLIST_FILE = ViewStateExample/Info.plist;
				IPHONEOS_DEPLOYMENT_TARGET = 12.0;
				LD_RUNPATH_SEARCH_PATHS = (
					"$(inherited)",
					"@executable_path/Frameworks",
				);
				PRODUCT_BUNDLE_IDENTIFIER = com.rightpoint.ViewStateExample;
				PRODUCT_NAME = "$(TARGET_NAME)";
				SUPPORTS_MACCATALYST = YES;
				SWIFT_VERSION = 5.0;
				TARGETED_DEVICE_FAMILY = "1,2";
			};
			name = Debug;
		};
		D9284A93242D7C6100DA147B /* Release */ = {
			isa = XCBuildConfiguration;
			buildSettings = {
				ASSETCATALOG_COMPILER_APPICON_NAME = AppIcon;
				CODE_SIGN_ENTITLEMENTS = ViewStateExample/ViewStateExample.entitlements;
				"CODE_SIGN_IDENTITY[sdk=macosx*]" = "-";
				CODE_SIGN_STYLE = Automatic;
				INFOPLIST_FILE = ViewStateExample/Info.plist;
				IPHONEOS_DEPLOYMENT_TARGET = 12.0;
				LD_RUNPATH_SEARCH_PATHS = (
					"$(inherited)",
					"@executable_path/Frameworks",
				);
				PRODUCT_BUNDLE_IDENTIFIER = com.rightpoint.ViewStateExample;
				PRODUCT_NAME = "$(TARGET_NAME)";
				SUPPORTS_MACCATALYST = YES;
				SWIFT_VERSION = 5.0;
				TARGETED_DEVICE_FAMILY = "1,2";
			};
			name = Release;
		};
/* End XCBuildConfiguration section */

/* Begin XCConfigurationList section */
		D9284A78242D7C6000DA147B /* Build configuration list for PBXProject "ViewStateExample" */ = {
			isa = XCConfigurationList;
			buildConfigurations = (
				D9284A8F242D7C6100DA147B /* Debug */,
				D9284A90242D7C6100DA147B /* Release */,
			);
			defaultConfigurationIsVisible = 0;
			defaultConfigurationName = Release;
		};
		D9284A91242D7C6100DA147B /* Build configuration list for PBXNativeTarget "ViewStateExample" */ = {
			isa = XCConfigurationList;
			buildConfigurations = (
				D9284A92242D7C6100DA147B /* Debug */,
				D9284A93242D7C6100DA147B /* Release */,
			);
			defaultConfigurationIsVisible = 0;
			defaultConfigurationName = Release;
		};
/* End XCConfigurationList section */

/* Begin XCSwiftPackageProductDependency section */
		D9284A96242D7D2400DA147B /* ViewState */ = {
			isa = XCSwiftPackageProductDependency;
			productName = ViewState;
		};
/* End XCSwiftPackageProductDependency section */
	};
	rootObject = D9284A75242D7C6000DA147B /* Project object */;
}
